
Microsoft Visual Studio Solution File, Format Version 12.00
# Visual Studio Version 16
VisualStudioVersion = 16.0.29728.190
MinimumVisualStudioVersion = 10.0.40219.1
Project("{FAE04EC0-301F-11D3-BF4B-00C04F79EFBC}") = "Remote.Sleepyhead.Library.Service", "Remote.Sleepyhead.Library.Service\Remote.Sleepyhead.Library.Service.csproj", "{48F686ED-3645-42E0-ABD9-7D00511269EE}"
EndProject
Project("{FAE04EC0-301F-11D3-BF4B-00C04F79EFBC}") = "Remote.Sleepyhead.Console.Service.Test", "Remote.Sleepyhead.Console.Service.Test\Remote.Sleepyhead.Console.Service.Test.csproj", "{53B72424-8E3B-401E-9439-D860E753862C}"
EndProject
Project("{FAE04EC0-301F-11D3-BF4B-00C04F79EFBC}") = "Remote.Sleepyhead.Service", "Remote.Sleepyhead.Service\Remote.Sleepyhead.Service.csproj", "{1CA367CF-3037-49A1-BEF5-053553C72617}"
EndProject
Project("{FAE04EC0-301F-11D3-BF4B-00C04F79EFBC}") = "Remote.Sleepyhead.Droid", "Remote.Sleepyhead.Droid\Remote.Sleepyhead.Droid.csproj", "{5A70DFE9-105C-4B40-8CBE-7EDA88E9DAF2}"
EndProject
Global
	GlobalSection(SolutionConfigurationPlatforms) = preSolution
		Debug|Any CPU = Debug|Any CPU
		Release|Any CPU = Release|Any CPU
	EndGlobalSection
	GlobalSection(ProjectConfigurationPlatforms) = postSolution
		{48F686ED-3645-42E0-ABD9-7D00511269EE}.Debug|Any CPU.ActiveCfg = Debug|Any CPU
		{48F686ED-3645-42E0-ABD9-7D00511269EE}.Debug|Any CPU.Build.0 = Debug|Any CPU
		{48F686ED-3645-42E0-ABD9-7D00511269EE}.Release|Any CPU.ActiveCfg = Release|Any CPU
		{48F686ED-3645-42E0-ABD9-7D00511269EE}.Release|Any CPU.Build.0 = Release|Any CPU
		{53B72424-8E3B-401E-9439-D860E753862C}.Debug|Any CPU.ActiveCfg = Debug|Any CPU
		{53B72424-8E3B-401E-9439-D860E753862C}.Debug|Any CPU.Build.0 = Debug|Any CPU
		{53B72424-8E3B-401E-9439-D860E753862C}.Release|Any CPU.ActiveCfg = Release|Any CPU
		{53B72424-8E3B-401E-9439-D860E753862C}.Release|Any CPU.Build.0 = Release|Any CPU
		{1CA367CF-3037-49A1-BEF5-053553C72617}.Debug|Any CPU.ActiveCfg = Debug|Any CPU
		{1CA367CF-3037-49A1-BEF5-053553C72617}.Debug|Any CPU.Build.0 = Debug|Any CPU
		{1CA367CF-3037-49A1-BEF5-053553C72617}.Release|Any CPU.ActiveCfg = Release|Any CPU
		{1CA367CF-3037-49A1-BEF5-053553C72617}.Release|Any CPU.Build.0 = Release|Any CPU
		{5A70DFE9-105C-4B40-8CBE-7EDA88E9DAF2}.Debug|Any CPU.ActiveCfg = Debug|Any CPU
		{5A70DFE9-105C-4B40-8CBE-7EDA88E9DAF2}.Debug|Any CPU.Build.0 = Debug|Any CPU
		{5A70DFE9-105C-4B40-8CBE-7EDA88E9DAF2}.Debug|Any CPU.Deploy.0 = Debug|Any CPU
		{5A70DFE9-105C-4B40-8CBE-7EDA88E9DAF2}.Release|Any CPU.ActiveCfg = Release|Any CPU
		{5A70DFE9-105C-4B40-8CBE-7EDA88E9DAF2}.Release|Any CPU.Build.0 = Release|Any CPU
		{5A70DFE9-105C-4B40-8CBE-7EDA88E9DAF2}.Release|Any CPU.Deploy.0 = Release|Any CPU
	EndGlobalSection
	GlobalSection(SolutionProperties) = preSolution
		HideSolutionNode = FALSE
	EndGlobalSection
	GlobalSection(ExtensibilityGlobals) = postSolution
		SolutionGuid = {6579A2D1-5FEE-4ACB-83A0-B24206BF0D3E}
	EndGlobalSection
EndGlobal
